
Microsoft Visual Studio Solution File, Format Version 12.00
# Visual Studio 15
Project("{FAE04EC0-301F-11D3-BF4B-00C04F79EFBC}") = "Assembly-CSharp", "Assembly-CSharp.csproj", "{2F39E861-DC58-3A56-E82A-2795FB506E03}"
EndProject
Project("{FAE04EC0-301F-11D3-BF4B-00C04F79EFBC}") = "Assembly-CSharp-Editor", "Assembly-CSharp-Editor.csproj", "{7FC13565-AEFA-7569-3BCC-CEC8C02D5850}"
EndProject
Project("{FAE04EC0-301F-11D3-BF4B-00C04F79EFBC}") = "Unity.AssetBundleBrowser.Editor", "Unity.AssetBundleBrowser.Editor.csproj", "{3DB6BA03-2EFF-BEAA-AA14-70E533C016F4}"
EndProject
Global
	GlobalSection(SolutionConfigurationPlatforms) = preSolution
		Debug|Any CPU = Debug|Any CPU
		Release|Any CPU = Release|Any CPU
	EndGlobalSection
	GlobalSection(ProjectConfigurationPlatforms) = postSolution
		{2F39E861-DC58-3A56-E82A-2795FB506E03}.Debug|Any CPU.ActiveCfg = Debug|Any CPU
		{2F39E861-DC58-3A56-E82A-2795FB506E03}.Debug|Any CPU.Build.0 = Debug|Any CPU
		{2F39E861-DC58-3A56-E82A-2795FB506E03}.Release|Any CPU.ActiveCfg = Release|Any CPU
		{2F39E861-DC58-3A56-E82A-2795FB506E03}.Release|Any CPU.Build.0 = Release|Any CPU
		{7FC13565-AEFA-7569-3BCC-CEC8C02D5850}.Debug|Any CPU.ActiveCfg = Debug|Any CPU
		{7FC13565-AEFA-7569-3BCC-CEC8C02D5850}.Debug|Any CPU.Build.0 = Debug|Any CPU
		{7FC13565-AEFA-7569-3BCC-CEC8C02D5850}.Release|Any CPU.ActiveCfg = Release|Any CPU
		{7FC13565-AEFA-7569-3BCC-CEC8C02D5850}.Release|Any CPU.Build.0 = Release|Any CPU
		{3DB6BA03-2EFF-BEAA-AA14-70E533C016F4}.Debug|Any CPU.ActiveCfg = Debug|Any CPU
		{3DB6BA03-2EFF-BEAA-AA14-70E533C016F4}.Debug|Any CPU.Build.0 = Debug|Any CPU
		{3DB6BA03-2EFF-BEAA-AA14-70E533C016F4}.Release|Any CPU.ActiveCfg = Release|Any CPU
		{3DB6BA03-2EFF-BEAA-AA14-70E533C016F4}.Release|Any CPU.Build.0 = Release|Any CPU
	EndGlobalSection
	GlobalSection(SolutionProperties) = preSolution
		HideSolutionNode = FALSE
	EndGlobalSection
EndGlobal
